
Microsoft Visual Studio Solution File, Format Version 12.00
# Visual Studio Version 17
VisualStudioVersion = 17.9.34723.18
MinimumVisualStudioVersion = 10.0.40219.1
Project("{9A19103F-16F7-4668-BE54-9A1E7A4F7556}") = "PearsonAssesment", "PearsonAssesment\PearsonAssesment.csproj", "{926B8EDB-E3B3-43FF-A6EB-785682EE64BB}"
EndProject
Project("{FAE04EC0-301F-11D3-BF4B-00C04F79EFBC}") = "PearsonAssesmentTests", "PearsonAssesmentTests\PearsonAssesmentTests.csproj", "{79628C20-83E5-426F-B496-4944EEE786F4}"
EndProject
Global
	GlobalSection(SolutionConfigurationPlatforms) = preSolution
		Debug|Any CPU = Debug|Any CPU
		Release|Any CPU = Release|Any CPU
	EndGlobalSection
	GlobalSection(ProjectConfigurationPlatforms) = postSolution
		{926B8EDB-E3B3-43FF-A6EB-785682EE64BB}.Debug|Any CPU.ActiveCfg = Debug|Any CPU
		{926B8EDB-E3B3-43FF-A6EB-785682EE64BB}.Debug|Any CPU.Build.0 = Debug|Any CPU
		{926B8EDB-E3B3-43FF-A6EB-785682EE64BB}.Release|Any CPU.ActiveCfg = Release|Any CPU
		{926B8EDB-E3B3-43FF-A6EB-785682EE64BB}.Release|Any CPU.Build.0 = Release|Any CPU
		{79628C20-83E5-426F-B496-4944EEE786F4}.Debug|Any CPU.ActiveCfg = Debug|Any CPU
		{79628C20-83E5-426F-B496-4944EEE786F4}.Debug|Any CPU.Build.0 = Debug|Any CPU
		{79628C20-83E5-426F-B496-4944EEE786F4}.Release|Any CPU.ActiveCfg = Release|Any CPU
		{79628C20-83E5-426F-B496-4944EEE786F4}.Release|Any CPU.Build.0 = Release|Any CPU
	EndGlobalSection
	GlobalSection(SolutionProperties) = preSolution
		HideSolutionNode = FALSE
	EndGlobalSection
	GlobalSection(ExtensibilityGlobals) = postSolution
		SolutionGuid = {D7C98901-B896-46A6-98B9-67D10C9D1AEF}
	EndGlobalSection
EndGlobal
